// !$*UTF8*$!
{
	archiveVersion = 1;
	classes = {
	};
	objectVersion = 46;
	objects = {

/* Begin PBXBuildFile section */
		7733FA701EAB38C400BEE43A /* SwiftyJSON.swift in Sources */ = {isa = PBXBuildFile; fileRef = 7733FA6F1EAB38C400BEE43A /* SwiftyJSON.swift */; };
		7733FA721EAB397E00BEE43A /* GHLDownloadManager.swift in Sources */ = {isa = PBXBuildFile; fileRef = 7733FA711EAB397E00BEE43A /* GHLDownloadManager.swift */; };
		777F731C1EAB3D5700FF330A /* ViewController+DataManipulation.swift in Sources */ = {isa = PBXBuildFile; fileRef = 777F731B1EAB3D5700FF330A /* ViewController+DataManipulation.swift */; };
		777F731E1EAB3DD600FF330A /* GHLDownloadManager+FileManagement.swift in Sources */ = {isa = PBXBuildFile; fileRef = 777F731D1EAB3DD600FF330A /* GHLDownloadManager+FileManagement.swift */; };
		777F73211EAB507A00FF330A /* GHLItemDetails+CoreDataClass.swift in Sources */ = {isa = PBXBuildFile; fileRef = 777F731F1EAB507A00FF330A /* GHLItemDetails+CoreDataClass.swift */; };
		777F73221EAB507A00FF330A /* GHLItemDetails+CoreDataProperties.swift in Sources */ = {isa = PBXBuildFile; fileRef = 777F73201EAB507A00FF330A /* GHLItemDetails+CoreDataProperties.swift */; };
		77A6FC911EAB582F009261A4 /* ViewController+TableView.swift in Sources */ = {isa = PBXBuildFile; fileRef = 77A6FC901EAB582F009261A4 /* ViewController+TableView.swift */; };
		77A6FC931EAB5EC6009261A4 /* ViewController+NSFetchedResultsControllerDelegate.swift in Sources */ = {isa = PBXBuildFile; fileRef = 77A6FC921EAB5EC6009261A4 /* ViewController+NSFetchedResultsControllerDelegate.swift */; };
		77F2A7071EAA53AC003C401F /* AppDelegate.swift in Sources */ = {isa = PBXBuildFile; fileRef = 77F2A7061EAA53AC003C401F /* AppDelegate.swift */; };
		77F2A7091EAA53AC003C401F /* ViewController.swift in Sources */ = {isa = PBXBuildFile; fileRef = 77F2A7081EAA53AC003C401F /* ViewController.swift */; };
		77F2A70C1EAA53AC003C401F /* Main.storyboard in Resources */ = {isa = PBXBuildFile; fileRef = 77F2A70A1EAA53AC003C401F /* Main.storyboard */; };
		77F2A70F1EAA53AC003C401F /* MWGitHubList.xcdatamodeld in Sources */ = {isa = PBXBuildFile; fileRef = 77F2A70D1EAA53AC003C401F /* MWGitHubList.xcdatamodeld */; };
		77F2A7111EAA53AC003C401F /* Assets.xcassets in Resources */ = {isa = PBXBuildFile; fileRef = 77F2A7101EAA53AC003C401F /* Assets.xcassets */; };
		77F2A7141EAA53AC003C401F /* LaunchScreen.storyboard in Resources */ = {isa = PBXBuildFile; fileRef = 77F2A7121EAA53AC003C401F /* LaunchScreen.storyboard */; };
		77F2A71F1EAA53AD003C401F /* MWGitHubListTests.swift in Sources */ = {isa = PBXBuildFile; fileRef = 77F2A71E1EAA53AD003C401F /* MWGitHubListTests.swift */; };
		77F2A72A1EAA53AD003C401F /* MWGitHubListUITests.swift in Sources */ = {isa = PBXBuildFile; fileRef = 77F2A7291EAA53AD003C401F /* MWGitHubListUITests.swift */; };
/* End PBXBuildFile section */

/* Begin PBXContainerItemProxy section */
		77F2A71B1EAA53AD003C401F /* PBXContainerItemProxy */ = {
			isa = PBXContainerItemProxy;
			containerPortal = 77F2A6FB1EAA53AC003C401F /* Project object */;
			proxyType = 1;
			remoteGlobalIDString = 77F2A7021EAA53AC003C401F;
			remoteInfo = MWGitHubList;
		};
		77F2A7261EAA53AD003C401F /* PBXContainerItemProxy */ = {
			isa = PBXContainerItemProxy;
			containerPortal = 77F2A6FB1EAA53AC003C401F /* Project object */;
			proxyType = 1;
			remoteGlobalIDString = 77F2A7021EAA53AC003C401F;
			remoteInfo = MWGitHubList;
		};
/* End PBXContainerItemProxy section */

/* Begin PBXFileReference section */
		7733FA6F1EAB38C400BEE43A /* SwiftyJSON.swift */ = {isa = PBXFileReference; fileEncoding = 4; lastKnownFileType = sourcecode.swift; path = SwiftyJSON.swift; sourceTree = "<group>"; };
		7733FA711EAB397E00BEE43A /* GHLDownloadManager.swift */ = {isa = PBXFileReference; fileEncoding = 4; lastKnownFileType = sourcecode.swift; name = GHLDownloadManager.swift; path = MWGitHubList/Libraries/GHLDownloadManager.swift; sourceTree = "<group>"; };
		777F731B1EAB3D5700FF330A /* ViewController+DataManipulation.swift */ = {isa = PBXFileReference; fileEncoding = 4; lastKnownFileType = sourcecode.swift; name = "ViewController+DataManipulation.swift"; path = "Core/ViewController+DataManipulation.swift"; sourceTree = "<group>"; };
		777F731D1EAB3DD600FF330A /* GHLDownloadManager+FileManagement.swift */ = {isa = PBXFileReference; fileEncoding = 4; lastKnownFileType = sourcecode.swift; name = "GHLDownloadManager+FileManagement.swift"; path = "MWGitHubList/Libraries/GHLDownloadManager+FileManagement.swift"; sourceTree = "<group>"; };
		777F731F1EAB507A00FF330A /* GHLItemDetails+CoreDataClass.swift */ = {isa = PBXFileReference; fileEncoding = 4; lastKnownFileType = sourcecode.swift; name = "GHLItemDetails+CoreDataClass.swift"; path = "MWGitHubList/DBObjects/GHLItemDetails+CoreDataClass.swift"; sourceTree = "<group>"; };
		777F73201EAB507A00FF330A /* GHLItemDetails+CoreDataProperties.swift */ = {isa = PBXFileReference; fileEncoding = 4; lastKnownFileType = sourcecode.swift; name = "GHLItemDetails+CoreDataProperties.swift"; path = "MWGitHubList/DBObjects/GHLItemDetails+CoreDataProperties.swift"; sourceTree = "<group>"; };
		77A6FC901EAB582F009261A4 /* ViewController+TableView.swift */ = {isa = PBXFileReference; fileEncoding = 4; lastKnownFileType = sourcecode.swift; name = "ViewController+TableView.swift"; path = "Core/ViewController+TableView.swift"; sourceTree = "<group>"; };
		77A6FC921EAB5EC6009261A4 /* ViewController+NSFetchedResultsControllerDelegate.swift */ = {isa = PBXFileReference; fileEncoding = 4; lastKnownFileType = sourcecode.swift; name = "ViewController+NSFetchedResultsControllerDelegate.swift"; path = "Core/ViewController+NSFetchedResultsControllerDelegate.swift"; sourceTree = "<group>"; };
		77F2A7031EAA53AC003C401F /* MWGitHubList.app */ = {isa = PBXFileReference; explicitFileType = wrapper.application; includeInIndex = 0; path = MWGitHubList.app; sourceTree = BUILT_PRODUCTS_DIR; };
		77F2A7061EAA53AC003C401F /* AppDelegate.swift */ = {isa = PBXFileReference; lastKnownFileType = sourcecode.swift; path = AppDelegate.swift; sourceTree = "<group>"; };
		77F2A7081EAA53AC003C401F /* ViewController.swift */ = {isa = PBXFileReference; lastKnownFileType = sourcecode.swift; path = ViewController.swift; sourceTree = "<group>"; };
		77F2A70B1EAA53AC003C401F /* Base */ = {isa = PBXFileReference; lastKnownFileType = file.storyboard; name = Base; path = Base.lproj/Main.storyboard; sourceTree = "<group>"; };
		77F2A70E1EAA53AC003C401F /* MWGitHubList.xcdatamodel */ = {isa = PBXFileReference; lastKnownFileType = wrapper.xcdatamodel; path = MWGitHubList.xcdatamodel; sourceTree = "<group>"; };
		77F2A7101EAA53AC003C401F /* Assets.xcassets */ = {isa = PBXFileReference; lastKnownFileType = folder.assetcatalog; path = Assets.xcassets; sourceTree = "<group>"; };
		77F2A7131EAA53AC003C401F /* Base */ = {isa = PBXFileReference; lastKnownFileType = file.storyboard; name = Base; path = Base.lproj/LaunchScreen.storyboard; sourceTree = "<group>"; };
		77F2A7151EAA53AC003C401F /* Info.plist */ = {isa = PBXFileReference; lastKnownFileType = text.plist.xml; path = Info.plist; sourceTree = "<group>"; };
		77F2A71A1EAA53AD003C401F /* MWGitHubListTests.xctest */ = {isa = PBXFileReference; explicitFileType = wrapper.cfbundle; includeInIndex = 0; path = MWGitHubListTests.xctest; sourceTree = BUILT_PRODUCTS_DIR; };
		77F2A71E1EAA53AD003C401F /* MWGitHubListTests.swift */ = {isa = PBXFileReference; lastKnownFileType = sourcecode.swift; path = MWGitHubListTests.swift; sourceTree = "<group>"; };
		77F2A7201EAA53AD003C401F /* Info.plist */ = {isa = PBXFileReference; lastKnownFileType = text.plist.xml; path = Info.plist; sourceTree = "<group>"; };
		77F2A7251EAA53AD003C401F /* MWGitHubListUITests.xctest */ = {isa = PBXFileReference; explicitFileType = wrapper.cfbundle; includeInIndex = 0; path = MWGitHubListUITests.xctest; sourceTree = BUILT_PRODUCTS_DIR; };
		77F2A7291EAA53AD003C401F /* MWGitHubListUITests.swift */ = {isa = PBXFileReference; lastKnownFileType = sourcecode.swift; path = MWGitHubListUITests.swift; sourceTree = "<group>"; };
		77F2A72B1EAA53AD003C401F /* Info.plist */ = {isa = PBXFileReference; lastKnownFileType = text.plist.xml; path = Info.plist; sourceTree = "<group>"; };
/* End PBXFileReference section */

/* Begin PBXFrameworksBuildPhase section */
		77F2A7001EAA53AC003C401F /* Frameworks */ = {
			isa = PBXFrameworksBuildPhase;
			buildActionMask = 2147483647;
			files = (
			);
			runOnlyForDeploymentPostprocessing = 0;
		};
		77F2A7171EAA53AD003C401F /* Frameworks */ = {
			isa = PBXFrameworksBuildPhase;
			buildActionMask = 2147483647;
			files = (
			);
			runOnlyForDeploymentPostprocessing = 0;
		};
		77F2A7221EAA53AD003C401F /* Frameworks */ = {
			isa = PBXFrameworksBuildPhase;
			buildActionMask = 2147483647;
			files = (
			);
			runOnlyForDeploymentPostprocessing = 0;
		};
/* End PBXFrameworksBuildPhase section */

/* Begin PBXGroup section */
		772FB7E81EAB370E00928A4A /* Vendors */ = {
			isa = PBXGroup;
			children = (
				7733FA6D1EAB38C400BEE43A /* SwiftyJSON */,
			);
			name = Vendors;
			path = ..;
			sourceTree = "<group>";
		};
		7733FA541EAB37D400BEE43A /* Libraries */ = {
			isa = PBXGroup;
			children = (
				7733FA711EAB397E00BEE43A /* GHLDownloadManager.swift */,
				777F731D1EAB3DD600FF330A /* GHLDownloadManager+FileManagement.swift */,
			);
			name = Libraries;
			path = ..;
			sourceTree = "<group>";
		};
		7733FA6D1EAB38C400BEE43A /* SwiftyJSON */ = {
			isa = PBXGroup;
			children = (
				7733FA6F1EAB38C400BEE43A /* SwiftyJSON.swift */,
			);
			name = SwiftyJSON;
			path = MWGitHubList/Vendors/SwiftyJSON;
			sourceTree = "<group>";
		};
		777F731A1EAB3D1D00FF330A /* Core */ = {
			isa = PBXGroup;
			children = (
				77F2A7081EAA53AC003C401F /* ViewController.swift */,
				777F731B1EAB3D5700FF330A /* ViewController+DataManipulation.swift */,
				77A6FC901EAB582F009261A4 /* ViewController+TableView.swift */,
				77A6FC921EAB5EC6009261A4 /* ViewController+NSFetchedResultsControllerDelegate.swift */,
			);
			name = Core;
			sourceTree = "<group>";
		};
		777F73231EAB508100FF330A /* DBObjects */ = {
			isa = PBXGroup;
			children = (
				777F731F1EAB507A00FF330A /* GHLItemDetails+CoreDataClass.swift */,
				777F73201EAB507A00FF330A /* GHLItemDetails+CoreDataProperties.swift */,
			);
			name = DBObjects;
			path = ..;
			sourceTree = "<group>";
		};
		77F2A6FA1EAA53AC003C401F = {
			isa = PBXGroup;
			children = (
				77F2A7051EAA53AC003C401F /* MWGitHubList */,
				77F2A71D1EAA53AD003C401F /* MWGitHubListTests */,
				77F2A7281EAA53AD003C401F /* MWGitHubListUITests */,
				77F2A7041EAA53AC003C401F /* Products */,
			);
			sourceTree = "<group>";
		};
		77F2A7041EAA53AC003C401F /* Products */ = {
			isa = PBXGroup;
			children = (
				77F2A7031EAA53AC003C401F /* MWGitHubList.app */,
				77F2A71A1EAA53AD003C401F /* MWGitHubListTests.xctest */,
				77F2A7251EAA53AD003C401F /* MWGitHubListUITests.xctest */,
			);
			name = Products;
			sourceTree = "<group>";
		};
		77F2A7051EAA53AC003C401F /* MWGitHubList */ = {
			isa = PBXGroup;
			children = (
				777F73231EAB508100FF330A /* DBObjects */,
				7733FA541EAB37D400BEE43A /* Libraries */,
				772FB7E81EAB370E00928A4A /* Vendors */,
				777F731A1EAB3D1D00FF330A /* Core */,
				77F2A7061EAA53AC003C401F /* AppDelegate.swift */,
				77F2A70A1EAA53AC003C401F /* Main.storyboard */,
				77F2A7121EAA53AC003C401F /* LaunchScreen.storyboard */,
				77F2A7101EAA53AC003C401F /* Assets.xcassets */,
				77F2A7151EAA53AC003C401F /* Info.plist */,
				77F2A70D1EAA53AC003C401F /* MWGitHubList.xcdatamodeld */,
			);
			path = MWGitHubList;
			sourceTree = "<group>";
		};
		77F2A71D1EAA53AD003C401F /* MWGitHubListTests */ = {
			isa = PBXGroup;
			children = (
				77F2A71E1EAA53AD003C401F /* MWGitHubListTests.swift */,
				77F2A7201EAA53AD003C401F /* Info.plist */,
			);
			path = MWGitHubListTests;
			sourceTree = "<group>";
		};
		77F2A7281EAA53AD003C401F /* MWGitHubListUITests */ = {
			isa = PBXGroup;
			children = (
				77F2A7291EAA53AD003C401F /* MWGitHubListUITests.swift */,
				77F2A72B1EAA53AD003C401F /* Info.plist */,
			);
			path = MWGitHubListUITests;
			sourceTree = "<group>";
		};
/* End PBXGroup section */

/* Begin PBXNativeTarget section */
		77F2A7021EAA53AC003C401F /* MWGitHubList */ = {
			isa = PBXNativeTarget;
			buildConfigurationList = 77F2A72E1EAA53AD003C401F /* Build configuration list for PBXNativeTarget "MWGitHubList" */;
			buildPhases = (
				77F2A6FF1EAA53AC003C401F /* Sources */,
				77F2A7001EAA53AC003C401F /* Frameworks */,
				77F2A7011EAA53AC003C401F /* Resources */,
			);
			buildRules = (
			);
			dependencies = (
			);
			name = MWGitHubList;
			productName = MWGitHubList;
			productReference = 77F2A7031EAA53AC003C401F /* MWGitHubList.app */;
			productType = "com.apple.product-type.application";
		};
		77F2A7191EAA53AD003C401F /* MWGitHubListTests */ = {
			isa = PBXNativeTarget;
			buildConfigurationList = 77F2A7311EAA53AD003C401F /* Build configuration list for PBXNativeTarget "MWGitHubListTests" */;
			buildPhases = (
				77F2A7161EAA53AD003C401F /* Sources */,
				77F2A7171EAA53AD003C401F /* Frameworks */,
				77F2A7181EAA53AD003C401F /* Resources */,
			);
			buildRules = (
			);
			dependencies = (
				77F2A71C1EAA53AD003C401F /* PBXTargetDependency */,
			);
			name = MWGitHubListTests;
			productName = MWGitHubListTests;
			productReference = 77F2A71A1EAA53AD003C401F /* MWGitHubListTests.xctest */;
			productType = "com.apple.product-type.bundle.unit-test";
		};
		77F2A7241EAA53AD003C401F /* MWGitHubListUITests */ = {
			isa = PBXNativeTarget;
			buildConfigurationList = 77F2A7341EAA53AD003C401F /* Build configuration list for PBXNativeTarget "MWGitHubListUITests" */;
			buildPhases = (
				77F2A7211EAA53AD003C401F /* Sources */,
				77F2A7221EAA53AD003C401F /* Frameworks */,
				77F2A7231EAA53AD003C401F /* Resources */,
			);
			buildRules = (
			);
			dependencies = (
				77F2A7271EAA53AD003C401F /* PBXTargetDependency */,
			);
			name = MWGitHubListUITests;
			productName = MWGitHubListUITests;
			productReference = 77F2A7251EAA53AD003C401F /* MWGitHubListUITests.xctest */;
			productType = "com.apple.product-type.bundle.ui-testing";
		};
/* End PBXNativeTarget section */

/* Begin PBXProject section */
		77F2A6FB1EAA53AC003C401F /* Project object */ = {
			isa = PBXProject;
			attributes = {
				LastSwiftUpdateCheck = 0830;
				LastUpgradeCheck = 0830;
				ORGANIZATIONNAME = MinionWorks;
				TargetAttributes = {
					77F2A7021EAA53AC003C401F = {
						CreatedOnToolsVersion = 8.3.2;
						DevelopmentTeam = W96J5Z5ZD2;
						ProvisioningStyle = Automatic;
						SystemCapabilities = {
							com.apple.BackgroundModes = {
								enabled = 0;
							};
						};
					};
					77F2A7191EAA53AD003C401F = {
						CreatedOnToolsVersion = 8.3.2;
						DevelopmentTeam = W96J5Z5ZD2;
						ProvisioningStyle = Automatic;
						TestTargetID = 77F2A7021EAA53AC003C401F;
					};
					77F2A7241EAA53AD003C401F = {
						CreatedOnToolsVersion = 8.3.2;
						DevelopmentTeam = W96J5Z5ZD2;
						ProvisioningStyle = Automatic;
						TestTargetID = 77F2A7021EAA53AC003C401F;
					};
				};
			};
			buildConfigurationList = 77F2A6FE1EAA53AC003C401F /* Build configuration list for PBXProject "MWGitHubList" */;
			compatibilityVersion = "Xcode 3.2";
			developmentRegion = English;
			hasScannedForEncodings = 0;
			knownRegions = (
				en,
				Base,
			);
			mainGroup = 77F2A6FA1EAA53AC003C401F;
			productRefGroup = 77F2A7041EAA53AC003C401F /* Products */;
			projectDirPath = "";
			projectRoot = "";
			targets = (
				77F2A7021EAA53AC003C401F /* MWGitHubList */,
				77F2A7191EAA53AD003C401F /* MWGitHubListTests */,
				77F2A7241EAA53AD003C401F /* MWGitHubListUITests */,
			);
		};
/* End PBXProject section */

/* Begin PBXResourcesBuildPhase section */
		77F2A7011EAA53AC003C401F /* Resources */ = {
			isa = PBXResourcesBuildPhase;
			buildActionMask = 2147483647;
			files = (
				77F2A7141EAA53AC003C401F /* LaunchScreen.storyboard in Resources */,
				77F2A7111EAA53AC003C401F /* Assets.xcassets in Resources */,
				77F2A70C1EAA53AC003C401F /* Main.storyboard in Resources */,
			);
			runOnlyForDeploymentPostprocessing = 0;
		};
		77F2A7181EAA53AD003C401F /* Resources */ = {
			isa = PBXResourcesBuildPhase;
			buildActionMask = 2147483647;
			files = (
			);
			runOnlyForDeploymentPostprocessing = 0;
		};
		77F2A7231EAA53AD003C401F /* Resources */ = {
			isa = PBXResourcesBuildPhase;
			buildActionMask = 2147483647;
			files = (
			);
			runOnlyForDeploymentPostprocessing = 0;
		};
/* End PBXResourcesBuildPhase section */

/* Begin PBXSourcesBuildPhase section */
		77F2A6FF1EAA53AC003C401F /* Sources */ = {
			isa = PBXSourcesBuildPhase;
			buildActionMask = 2147483647;
			files = (
				7733FA721EAB397E00BEE43A /* GHLDownloadManager.swift in Sources */,
				777F731E1EAB3DD600FF330A /* GHLDownloadManager+FileManagement.swift in Sources */,
				77A6FC931EAB5EC6009261A4 /* ViewController+NSFetchedResultsControllerDelegate.swift in Sources */,
				777F731C1EAB3D5700FF330A /* ViewController+DataManipulation.swift in Sources */,
				77F2A70F1EAA53AC003C401F /* MWGitHubList.xcdatamodeld in Sources */,
				777F73221EAB507A00FF330A /* GHLItemDetails+CoreDataProperties.swift in Sources */,
				77F2A7091EAA53AC003C401F /* ViewController.swift in Sources */,
				777F73211EAB507A00FF330A /* GHLItemDetails+CoreDataClass.swift in Sources */,
				77F2A7071EAA53AC003C401F /* AppDelegate.swift in Sources */,
				77A6FC911EAB582F009261A4 /* ViewController+TableView.swift in Sources */,
				7733FA701EAB38C400BEE43A /* SwiftyJSON.swift in Sources */,
			);
			runOnlyForDeploymentPostprocessing = 0;
		};
		77F2A7161EAA53AD003C401F /* Sources */ = {
			isa = PBXSourcesBuildPhase;
			buildActionMask = 2147483647;
			files = (
				77F2A71F1EAA53AD003C401F /* MWGitHubListTests.swift in Sources */,
			);
			runOnlyForDeploymentPostprocessing = 0;
		};
		77F2A7211EAA53AD003C401F /* Sources */ = {
			isa = PBXSourcesBuildPhase;
			buildActionMask = 2147483647;
			files = (
				77F2A72A1EAA53AD003C401F /* MWGitHubListUITests.swift in Sources */,
			);
			runOnlyForDeploymentPostprocessing = 0;
		};
/* End PBXSourcesBuildPhase section */

/* Begin PBXTargetDependency section */
		77F2A71C1EAA53AD003C401F /* PBXTargetDependency */ = {
			isa = PBXTargetDependency;
			target = 77F2A7021EAA53AC003C401F /* MWGitHubList */;
			targetProxy = 77F2A71B1EAA53AD003C401F /* PBXContainerItemProxy */;
		};
		77F2A7271EAA53AD003C401F /* PBXTargetDependency */ = {
			isa = PBXTargetDependency;
			target = 77F2A7021EAA53AC003C401F /* MWGitHubList */;
			targetProxy = 77F2A7261EAA53AD003C401F /* PBXContainerItemProxy */;
		};
/* End PBXTargetDependency section */

/* Begin PBXVariantGroup section */
		77F2A70A1EAA53AC003C401F /* Main.storyboard */ = {
			isa = PBXVariantGroup;
			children = (
				77F2A70B1EAA53AC003C401F /* Base */,
			);
			name = Main.storyboard;
			sourceTree = "<group>";
		};
		77F2A7121EAA53AC003C401F /* LaunchScreen.storyboard */ = {
			isa = PBXVariantGroup;
			children = (
				77F2A7131EAA53AC003C401F /* Base */,
			);
			name = LaunchScreen.storyboard;
			sourceTree = "<group>";
		};
/* End PBXVariantGroup section */

/* Begin XCBuildConfiguration section */
		77F2A72C1EAA53AD003C401F /* Debug */ = {
			isa = XCBuildConfiguration;
			buildSettings = {
				ALWAYS_SEARCH_USER_PATHS = NO;
				CLANG_ANALYZER_NONNULL = YES;
				CLANG_ANALYZER_NUMBER_OBJECT_CONVERSION = YES_AGGRESSIVE;
				CLANG_CXX_LANGUAGE_STANDARD = "gnu++0x";
				CLANG_CXX_LIBRARY = "libc++";
				CLANG_ENABLE_MODULES = YES;
				CLANG_ENABLE_OBJC_ARC = YES;
				CLANG_WARN_BOOL_CONVERSION = YES;
				CLANG_WARN_CONSTANT_CONVERSION = YES;
				CLANG_WARN_DIRECT_OBJC_ISA_USAGE = YES_ERROR;
				CLANG_WARN_DOCUMENTATION_COMMENTS = YES;
				CLANG_WARN_EMPTY_BODY = YES;
				CLANG_WARN_ENUM_CONVERSION = YES;
				CLANG_WARN_INFINITE_RECURSION = YES;
				CLANG_WARN_INT_CONVERSION = YES;
				CLANG_WARN_OBJC_ROOT_CLASS = YES_ERROR;
				CLANG_WARN_SUSPICIOUS_MOVE = YES;
				CLANG_WARN_UNREACHABLE_CODE = YES;
				CLANG_WARN__DUPLICATE_METHOD_MATCH = YES;
				"CODE_SIGN_IDENTITY[sdk=iphoneos*]" = "iPhone Developer";
				COPY_PHASE_STRIP = NO;
				DEBUG_INFORMATION_FORMAT = dwarf;
				DEFINES_MODULE = YES;
				ENABLE_STRICT_OBJC_MSGSEND = YES;
				ENABLE_TESTABILITY = YES;
				GCC_C_LANGUAGE_STANDARD = gnu99;
				GCC_DYNAMIC_NO_PIC = NO;
				GCC_NO_COMMON_BLOCKS = YES;
				GCC_OPTIMIZATION_LEVEL = 0;
				GCC_PREPROCESSOR_DEFINITIONS = (
					"DEBUG=1",
					"$(inherited)",
				);
				GCC_WARN_64_TO_32_BIT_CONVERSION = YES;
				GCC_WARN_ABOUT_RETURN_TYPE = YES_ERROR;
				GCC_WARN_UNDECLARED_SELECTOR = YES;
				GCC_WARN_UNINITIALIZED_AUTOS = YES_AGGRESSIVE;
				GCC_WARN_UNUSED_FUNCTION = YES;
				GCC_WARN_UNUSED_VARIABLE = YES;
				IPHONEOS_DEPLOYMENT_TARGET = 10.3;
				MTL_ENABLE_DEBUG_INFO = YES;
				ONLY_ACTIVE_ARCH = YES;
				SDKROOT = iphoneos;
				SWIFT_ACTIVE_COMPILATION_CONDITIONS = DEBUG;
				SWIFT_OPTIMIZATION_LEVEL = "-Onone";
			};
			name = Debug;
		};
		77F2A72D1EAA53AD003C401F /* Release */ = {
			isa = XCBuildConfiguration;
			buildSettings = {
				ALWAYS_SEARCH_USER_PATHS = NO;
				CLANG_ANALYZER_NONNULL = YES;
				CLANG_ANALYZER_NUMBER_OBJECT_CONVERSION = YES_AGGRESSIVE;
				CLANG_CXX_LANGUAGE_STANDARD = "gnu++0x";
				CLANG_CXX_LIBRARY = "libc++";
				CLANG_ENABLE_MODULES = YES;
				CLANG_ENABLE_OBJC_ARC = YES;
				CLANG_WARN_BOOL_CONVERSION = YES;
				CLANG_WARN_CONSTANT_CONVERSION = YES;
				CLANG_WARN_DIRECT_OBJC_ISA_USAGE = YES_ERROR;
				CLANG_WARN_DOCUMENTATION_COMMENTS = YES;
				CLANG_WARN_EMPTY_BODY = YES;
				CLANG_WARN_ENUM_CONVERSION = YES;
				CLANG_WARN_INFINITE_RECURSION = YES;
				CLANG_WARN_INT_CONVERSION = YES;
				CLANG_WARN_OBJC_ROOT_CLASS = YES_ERROR;
				CLANG_WARN_SUSPICIOUS_MOVE = YES;
				CLANG_WARN_UNREACHABLE_CODE = YES;
				CLANG_WARN__DUPLICATE_METHOD_MATCH = YES;
				"CODE_SIGN_IDENTITY[sdk=iphoneos*]" = "iPhone Developer";
				COPY_PHASE_STRIP = NO;
				DEBUG_INFORMATION_FORMAT = "dwarf-with-dsym";
				DEFINES_MODULE = YES;
				ENABLE_NS_ASSERTIONS = NO;
				ENABLE_STRICT_OBJC_MSGSEND = YES;
				GCC_C_LANGUAGE_STANDARD = gnu99;
				GCC_NO_COMMON_BLOCKS = YES;
				GCC_WARN_64_TO_32_BIT_CONVERSION = YES;
				GCC_WARN_ABOUT_RETURN_TYPE = YES_ERROR;
				GCC_WARN_UNDECLARED_SELECTOR = YES;
				GCC_WARN_UNINITIALIZED_AUTOS = YES_AGGRESSIVE;
				GCC_WARN_UNUSED_FUNCTION = YES;
				GCC_WARN_UNUSED_VARIABLE = YES;
				IPHONEOS_DEPLOYMENT_TARGET = 10.3;
				MTL_ENABLE_DEBUG_INFO = NO;
				SDKROOT = iphoneos;
				SWIFT_OPTIMIZATION_LEVEL = "-Owholemodule";
				VALIDATE_PRODUCT = YES;
			};
			name = Release;
		};
		77F2A72F1EAA53AD003C401F /* Debug */ = {
			isa = XCBuildConfiguration;
			buildSettings = {
				ASSETCATALOG_COMPILER_APPICON_NAME = AppIcon;
				DEVELOPMENT_TEAM = W96J5Z5ZD2;
				INFOPLIST_FILE = MWGitHubList/Info.plist;
				LD_RUNPATH_SEARCH_PATHS = "$(inherited) @executable_path/Frameworks";
				PRODUCT_BUNDLE_IDENTIFIER = com.minionworks.MWGitHubList;
				PRODUCT_NAME = "$(TARGET_NAME)";
				SWIFT_VERSION = 3.0;
			};
			name = Debug;
		};
		77F2A7301EAA53AD003C401F /* Release */ = {
			isa = XCBuildConfiguration;
			buildSettings = {
				ASSETCATALOG_COMPILER_APPICON_NAME = AppIcon;
				DEVELOPMENT_TEAM = W96J5Z5ZD2;
				INFOPLIST_FILE = MWGitHubList/Info.plist;
				LD_RUNPATH_SEARCH_PATHS = "$(inherited) @executable_path/Frameworks";
				PRODUCT_BUNDLE_IDENTIFIER = com.minionworks.MWGitHubList;
				PRODUCT_NAME = "$(TARGET_NAME)";
				SWIFT_VERSION = 3.0;
			};
			name = Release;
		};
		77F2A7321EAA53AD003C401F /* Debug */ = {
			isa = XCBuildConfiguration;
			buildSettings = {
				ALWAYS_EMBED_SWIFT_STANDARD_LIBRARIES = YES;
				BUNDLE_LOADER = "$(TEST_HOST)";
				DEVELOPMENT_TEAM = W96J5Z5ZD2;
				INFOPLIST_FILE = MWGitHubListTests/Info.plist;
				LD_RUNPATH_SEARCH_PATHS = "$(inherited) @executable_path/Frameworks @loader_path/Frameworks";
				PRODUCT_BUNDLE_IDENTIFIER = com.minionworks.MWGitHubListTests;
				PRODUCT_NAME = "$(TARGET_NAME)";
				SWIFT_VERSION = 3.0;
				TEST_HOST = "$(BUILT_PRODUCTS_DIR)/MWGitHubList.app/MWGitHubList";
			};
			name = Debug;
		};
		77F2A7331EAA53AD003C401F /* Release */ = {
			isa = XCBuildConfiguration;
			buildSettings = {
				ALWAYS_EMBED_SWIFT_STANDARD_LIBRARIES = YES;
				BUNDLE_LOADER = "$(TEST_HOST)";
				DEVELOPMENT_TEAM = W96J5Z5ZD2;
				INFOPLIST_FILE = MWGitHubListTests/Info.plist;
				LD_RUNPATH_SEARCH_PATHS = "$(inherited) @executable_path/Frameworks @loader_path/Frameworks";
				PRODUCT_BUNDLE_IDENTIFIER = com.minionworks.MWGitHubListTests;
				PRODUCT_NAME = "$(TARGET_NAME)";
				SWIFT_VERSION = 3.0;
				TEST_HOST = "$(BUILT_PRODUCTS_DIR)/MWGitHubList.app/MWGitHubList";
			};
			name = Release;
		};
		77F2A7351EAA53AD003C401F /* Debug */ = {
			isa = XCBuildConfiguration;
			buildSettings = {
				ALWAYS_EMBED_SWIFT_STANDARD_LIBRARIES = YES;
				DEVELOPMENT_TEAM = W96J5Z5ZD2;
				INFOPLIST_FILE = MWGitHubListUITests/Info.plist;
				LD_RUNPATH_SEARCH_PATHS = "$(inherited) @executable_path/Frameworks @loader_path/Frameworks";
				PRODUCT_BUNDLE_IDENTIFIER = com.minionworks.MWGitHubListUITests;
				PRODUCT_NAME = "$(TARGET_NAME)";
				SWIFT_VERSION = 3.0;
				TEST_TARGET_NAME = MWGitHubList;
			};
			name = Debug;
		};
		77F2A7361EAA53AD003C401F /* Release */ = {
			isa = XCBuildConfiguration;
			buildSettings = {
				ALWAYS_EMBED_SWIFT_STANDARD_LIBRARIES = YES;
				DEVELOPMENT_TEAM = W96J5Z5ZD2;
				INFOPLIST_FILE = MWGitHubListUITests/Info.plist;
				LD_RUNPATH_SEARCH_PATHS = "$(inherited) @executable_path/Frameworks @loader_path/Frameworks";
				PRODUCT_BUNDLE_IDENTIFIER = com.minionworks.MWGitHubListUITests;
				PRODUCT_NAME = "$(TARGET_NAME)";
				SWIFT_VERSION = 3.0;
				TEST_TARGET_NAME = MWGitHubList;
			};
			name = Release;
		};
/* End XCBuildConfiguration section */

/* Begin XCConfigurationList section */
		77F2A6FE1EAA53AC003C401F /* Build configuration list for PBXProject "MWGitHubList" */ = {
			isa = XCConfigurationList;
			buildConfigurations = (
				77F2A72C1EAA53AD003C401F /* Debug */,
				77F2A72D1EAA53AD003C401F /* Release */,
			);
			defaultConfigurationIsVisible = 0;
			defaultConfigurationName = Release;
		};
		77F2A72E1EAA53AD003C401F /* Build configuration list for PBXNativeTarget "MWGitHubList" */ = {
			isa = XCConfigurationList;
			buildConfigurations = (
				77F2A72F1EAA53AD003C401F /* Debug */,
				77F2A7301EAA53AD003C401F /* Release */,
			);
			defaultConfigurationIsVisible = 0;
			defaultConfigurationName = Release;
		};
		77F2A7311EAA53AD003C401F /* Build configuration list for PBXNativeTarget "MWGitHubListTests" */ = {
			isa = XCConfigurationList;
			buildConfigurations = (
				77F2A7321EAA53AD003C401F /* Debug */,
				77F2A7331EAA53AD003C401F /* Release */,
			);
			defaultConfigurationIsVisible = 0;
			defaultConfigurationName = Release;
		};
		77F2A7341EAA53AD003C401F /* Build configuration list for PBXNativeTarget "MWGitHubListUITests" */ = {
			isa = XCConfigurationList;
			buildConfigurations = (
				77F2A7351EAA53AD003C401F /* Debug */,
				77F2A7361EAA53AD003C401F /* Release */,
			);
			defaultConfigurationIsVisible = 0;
			defaultConfigurationName = Release;
		};
/* End XCConfigurationList section */

/* Begin XCVersionGroup section */
		77F2A70D1EAA53AC003C401F /* MWGitHubList.xcdatamodeld */ = {
			isa = XCVersionGroup;
			children = (
				77F2A70E1EAA53AC003C401F /* MWGitHubList.xcdatamodel */,
			);
			currentVersion = 77F2A70E1EAA53AC003C401F /* MWGitHubList.xcdatamodel */;
			path = MWGitHubList.xcdatamodeld;
			sourceTree = "<group>";
			versionGroupType = wrapper.xcdatamodel;
		};
/* End XCVersionGroup section */
	};
	rootObject = 77F2A6FB1EAA53AC003C401F /* Project object */;
}
